
Microsoft Visual Studio Solution File, Format Version 12.00
# Visual Studio Version 17
VisualStudioVersion = 17.10.34928.147
MinimumVisualStudioVersion = 10.0.40219.1
Project("{FAE04EC0-301F-11D3-BF4B-00C04F79EFBC}") = "PART1 ASS", "PART1 ASS.csproj", "{F4708FAD-057B-476C-A11F-6137DFC501AB}"
EndProject
Global
	GlobalSection(SolutionConfigurationPlatforms) = preSolution
		Debug|Any CPU = Debug|Any CPU
		Release|Any CPU = Release|Any CPU
	EndGlobalSection
	GlobalSection(ProjectConfigurationPlatforms) = postSolution
		{F4708FAD-057B-476C-A11F-6137DFC501AB}.Debug|Any CPU.ActiveCfg = Debug|Any CPU
		{F4708FAD-057B-476C-A11F-6137DFC501AB}.Debug|Any CPU.Build.0 = Debug|Any CPU
		{F4708FAD-057B-476C-A11F-6137DFC501AB}.Release|Any CPU.ActiveCfg = Release|Any CPU
		{F4708FAD-057B-476C-A11F-6137DFC501AB}.Release|Any CPU.Build.0 = Release|Any CPU
	EndGlobalSection
	GlobalSection(SolutionProperties) = preSolution
		HideSolutionNode = FALSE
	EndGlobalSection
	GlobalSection(ExtensibilityGlobals) = postSolution
		SolutionGuid = {BF58F77A-C428-4437-913D-73EF0160E0A6}
	EndGlobalSection
EndGlobal
